
Microsoft Visual Studio Solution File, Format Version 12.00
# Visual Studio Version 17
VisualStudioVersion = 17.0.31903.59
MinimumVisualStudioVersion = 10.0.40219.1
Project("{2150E333-8FDC-42A3-9474-1A3956D46DE8}") = "src", "src", "{827E0CD3-B72D-47B6-A68D-7590B98EB39B}"
EndProject
Project("{FAE04EC0-301F-11D3-BF4B-00C04F79EFBC}") = "Domain", "src\Domain\Domain.csproj", "{7E7F781F-A206-4074-9DAC-3BDE21ED8A0A}"
EndProject
Project("{FAE04EC0-301F-11D3-BF4B-00C04F79EFBC}") = "Application", "src\Application\Application.csproj", "{47BB6BE8-163B-4B03-A082-D6A2FC46559E}"
EndProject
Project("{FAE04EC0-301F-11D3-BF4B-00C04F79EFBC}") = "Infrastructure", "src\Infrastructure\Infrastructure.csproj", "{2651AC98-9EC9-44D2-BBA0-72CE62D0D8C7}"
EndProject
Project("{FAE04EC0-301F-11D3-BF4B-00C04F79EFBC}") = "Api", "src\Api\Api.csproj", "{BF67964E-3796-4450-9E80-A4C988278729}"
EndProject
Project("{2150E333-8FDC-42A3-9474-1A3956D46DE8}") = "tests", "tests", "{0AB3BF05-4346-4AA6-1389-037BE0695223}"
EndProject
Project("{FAE04EC0-301F-11D3-BF4B-00C04F79EFBC}") = "Tests.Common", "tests\Tests.Common\Tests.Common.csproj", "{898603E0-E19A-458C-86FA-6C7CCF5975FF}"
EndProject
Project("{FAE04EC0-301F-11D3-BF4B-00C04F79EFBC}") = "Tests.Data", "tests\Tests.Data\Tests.Data.csproj", "{7299CE7D-AF48-47A7-85B6-F0EE0FF7F1B5}"
EndProject
Project("{FAE04EC0-301F-11D3-BF4B-00C04F79EFBC}") = "Api.Tests.Integration", "tests\Api.Tests.Integration\Api.Tests.Integration.csproj", "{6A170A03-A00A-4740-BEC9-65A8D357CD6B}"
EndProject
Global
	GlobalSection(SolutionConfigurationPlatforms) = preSolution
		Debug|Any CPU = Debug|Any CPU
		Debug|x64 = Debug|x64
		Debug|x86 = Debug|x86
		Release|Any CPU = Release|Any CPU
		Release|x64 = Release|x64
		Release|x86 = Release|x86
	EndGlobalSection
	GlobalSection(ProjectConfigurationPlatforms) = postSolution
		{7E7F781F-A206-4074-9DAC-3BDE21ED8A0A}.Debug|Any CPU.ActiveCfg = Debug|Any CPU
		{7E7F781F-A206-4074-9DAC-3BDE21ED8A0A}.Debug|Any CPU.Build.0 = Debug|Any CPU
		{7E7F781F-A206-4074-9DAC-3BDE21ED8A0A}.Debug|x64.ActiveCfg = Debug|Any CPU
		{7E7F781F-A206-4074-9DAC-3BDE21ED8A0A}.Debug|x64.Build.0 = Debug|Any CPU
		{7E7F781F-A206-4074-9DAC-3BDE21ED8A0A}.Debug|x86.ActiveCfg = Debug|Any CPU
		{7E7F781F-A206-4074-9DAC-3BDE21ED8A0A}.Debug|x86.Build.0 = Debug|Any CPU
		{7E7F781F-A206-4074-9DAC-3BDE21ED8A0A}.Release|Any CPU.ActiveCfg = Release|Any CPU
		{7E7F781F-A206-4074-9DAC-3BDE21ED8A0A}.Release|Any CPU.Build.0 = Release|Any CPU
		{7E7F781F-A206-4074-9DAC-3BDE21ED8A0A}.Release|x64.ActiveCfg = Release|Any CPU
		{7E7F781F-A206-4074-9DAC-3BDE21ED8A0A}.Release|x64.Build.0 = Release|Any CPU
		{7E7F781F-A206-4074-9DAC-3BDE21ED8A0A}.Release|x86.ActiveCfg = Release|Any CPU
		{7E7F781F-A206-4074-9DAC-3BDE21ED8A0A}.Release|x86.Build.0 = Release|Any CPU
		{47BB6BE8-163B-4B03-A082-D6A2FC46559E}.Debug|Any CPU.ActiveCfg = Debug|Any CPU
		{47BB6BE8-163B-4B03-A082-D6A2FC46559E}.Debug|Any CPU.Build.0 = Debug|Any CPU
		{47BB6BE8-163B-4B03-A082-D6A2FC46559E}.Debug|x64.ActiveCfg = Debug|Any CPU
		{47BB6BE8-163B-4B03-A082-D6A2FC46559E}.Debug|x64.Build.0 = Debug|Any CPU
		{47BB6BE8-163B-4B03-A082-D6A2FC46559E}.Debug|x86.ActiveCfg = Debug|Any CPU
		{47BB6BE8-163B-4B03-A082-D6A2FC46559E}.Debug|x86.Build.0 = Debug|Any CPU
		{47BB6BE8-163B-4B03-A082-D6A2FC46559E}.Release|Any CPU.ActiveCfg = Release|Any CPU
		{47BB6BE8-163B-4B03-A082-D6A2FC46559E}.Release|Any CPU.Build.0 = Release|Any CPU
		{47BB6BE8-163B-4B03-A082-D6A2FC46559E}.Release|x64.ActiveCfg = Release|Any CPU
		{47BB6BE8-163B-4B03-A082-D6A2FC46559E}.Release|x64.Build.0 = Release|Any CPU
		{47BB6BE8-163B-4B03-A082-D6A2FC46559E}.Release|x86.ActiveCfg = Release|Any CPU
		{47BB6BE8-163B-4B03-A082-D6A2FC46559E}.Release|x86.Build.0 = Release|Any CPU
		{2651AC98-9EC9-44D2-BBA0-72CE62D0D8C7}.Debug|Any CPU.ActiveCfg = Debug|Any CPU
		{2651AC98-9EC9-44D2-BBA0-72CE62D0D8C7}.Debug|Any CPU.Build.0 = Debug|Any CPU
		{2651AC98-9EC9-44D2-BBA0-72CE62D0D8C7}.Debug|x64.ActiveCfg = Debug|Any CPU
		{2651AC98-9EC9-44D2-BBA0-72CE62D0D8C7}.Debug|x64.Build.0 = Debug|Any CPU
		{2651AC98-9EC9-44D2-BBA0-72CE62D0D8C7}.Debug|x86.ActiveCfg = Debug|Any CPU
		{2651AC98-9EC9-44D2-BBA0-72CE62D0D8C7}.Debug|x86.Build.0 = Debug|Any CPU
		{2651AC98-9EC9-44D2-BBA0-72CE62D0D8C7}.Release|Any CPU.ActiveCfg = Release|Any CPU
		{2651AC98-9EC9-44D2-BBA0-72CE62D0D8C7}.Release|Any CPU.Build.0 = Release|Any CPU
		{2651AC98-9EC9-44D2-BBA0-72CE62D0D8C7}.Release|x64.ActiveCfg = Release|Any CPU
		{2651AC98-9EC9-44D2-BBA0-72CE62D0D8C7}.Release|x64.Build.0 = Release|Any CPU
		{2651AC98-9EC9-44D2-BBA0-72CE62D0D8C7}.Release|x86.ActiveCfg = Release|Any CPU
		{2651AC98-9EC9-44D2-BBA0-72CE62D0D8C7}.Release|x86.Build.0 = Release|Any CPU
		{BF67964E-3796-4450-9E80-A4C988278729}.Debug|Any CPU.ActiveCfg = Debug|Any CPU
		{BF67964E-3796-4450-9E80-A4C988278729}.Debug|Any CPU.Build.0 = Debug|Any CPU
		{BF67964E-3796-4450-9E80-A4C988278729}.Debug|x64.ActiveCfg = Debug|Any CPU
		{BF67964E-3796-4450-9E80-A4C988278729}.Debug|x64.Build.0 = Debug|Any CPU
		{BF67964E-3796-4450-9E80-A4C988278729}.Debug|x86.ActiveCfg = Debug|Any CPU
		{BF67964E-3796-4450-9E80-A4C988278729}.Debug|x86.Build.0 = Debug|Any CPU
		{BF67964E-3796-4450-9E80-A4C988278729}.Release|Any CPU.ActiveCfg = Release|Any CPU
		{BF67964E-3796-4450-9E80-A4C988278729}.Release|Any CPU.Build.0 = Release|Any CPU
		{BF67964E-3796-4450-9E80-A4C988278729}.Release|x64.ActiveCfg = Release|Any CPU
		{BF67964E-3796-4450-9E80-A4C988278729}.Release|x64.Build.0 = Release|Any CPU
		{BF67964E-3796-4450-9E80-A4C988278729}.Release|x86.ActiveCfg = Release|Any CPU
		{BF67964E-3796-4450-9E80-A4C988278729}.Release|x86.Build.0 = Release|Any CPU
		{898603E0-E19A-458C-86FA-6C7CCF5975FF}.Debug|Any CPU.ActiveCfg = Debug|Any CPU
		{898603E0-E19A-458C-86FA-6C7CCF5975FF}.Debug|Any CPU.Build.0 = Debug|Any CPU
		{898603E0-E19A-458C-86FA-6C7CCF5975FF}.Debug|x64.ActiveCfg = Debug|Any CPU
		{898603E0-E19A-458C-86FA-6C7CCF5975FF}.Debug|x64.Build.0 = Debug|Any CPU
		{898603E0-E19A-458C-86FA-6C7CCF5975FF}.Debug|x86.ActiveCfg = Debug|Any CPU
		{898603E0-E19A-458C-86FA-6C7CCF5975FF}.Debug|x86.Build.0 = Debug|Any CPU
		{898603E0-E19A-458C-86FA-6C7CCF5975FF}.Release|Any CPU.ActiveCfg = Release|Any CPU
		{898603E0-E19A-458C-86FA-6C7CCF5975FF}.Release|Any CPU.Build.0 = Release|Any CPU
		{898603E0-E19A-458C-86FA-6C7CCF5975FF}.Release|x64.ActiveCfg = Release|Any CPU
		{898603E0-E19A-458C-86FA-6C7CCF5975FF}.Release|x64.Build.0 = Release|Any CPU
		{898603E0-E19A-458C-86FA-6C7CCF5975FF}.Release|x86.ActiveCfg = Release|Any CPU
		{898603E0-E19A-458C-86FA-6C7CCF5975FF}.Release|x86.Build.0 = Release|Any CPU
		{7299CE7D-AF48-47A7-85B6-F0EE0FF7F1B5}.Debug|Any CPU.ActiveCfg = Debug|Any CPU
		{7299CE7D-AF48-47A7-85B6-F0EE0FF7F1B5}.Debug|Any CPU.Build.0 = Debug|Any CPU
		{7299CE7D-AF48-47A7-85B6-F0EE0FF7F1B5}.Debug|x64.ActiveCfg = Debug|Any CPU
		{7299CE7D-AF48-47A7-85B6-F0EE0FF7F1B5}.Debug|x64.Build.0 = Debug|Any CPU
		{7299CE7D-AF48-47A7-85B6-F0EE0FF7F1B5}.Debug|x86.ActiveCfg = Debug|Any CPU
		{7299CE7D-AF48-47A7-85B6-F0EE0FF7F1B5}.Debug|x86.Build.0 = Debug|Any CPU
		{7299CE7D-AF48-47A7-85B6-F0EE0FF7F1B5}.Release|Any CPU.ActiveCfg = Release|Any CPU
		{7299CE7D-AF48-47A7-85B6-F0EE0FF7F1B5}.Release|Any CPU.Build.0 = Release|Any CPU
		{7299CE7D-AF48-47A7-85B6-F0EE0FF7F1B5}.Release|x64.ActiveCfg = Release|Any CPU
		{7299CE7D-AF48-47A7-85B6-F0EE0FF7F1B5}.Release|x64.Build.0 = Release|Any CPU
		{7299CE7D-AF48-47A7-85B6-F0EE0FF7F1B5}.Release|x86.ActiveCfg = Release|Any CPU
		{7299CE7D-AF48-47A7-85B6-F0EE0FF7F1B5}.Release|x86.Build.0 = Release|Any CPU
		{6A170A03-A00A-4740-BEC9-65A8D357CD6B}.Debug|Any CPU.ActiveCfg = Debug|Any CPU
		{6A170A03-A00A-4740-BEC9-65A8D357CD6B}.Debug|Any CPU.Build.0 = Debug|Any CPU
		{6A170A03-A00A-4740-BEC9-65A8D357CD6B}.Debug|x64.ActiveCfg = Debug|Any CPU
		{6A170A03-A00A-4740-BEC9-65A8D357CD6B}.Debug|x64.Build.0 = Debug|Any CPU
		{6A170A03-A00A-4740-BEC9-65A8D357CD6B}.Debug|x86.ActiveCfg = Debug|Any CPU
		{6A170A03-A00A-4740-BEC9-65A8D357CD6B}.Debug|x86.Build.0 = Debug|Any CPU
		{6A170A03-A00A-4740-BEC9-65A8D357CD6B}.Release|Any CPU.ActiveCfg = Release|Any CPU
		{6A170A03-A00A-4740-BEC9-65A8D357CD6B}.Release|Any CPU.Build.0 = Release|Any CPU
		{6A170A03-A00A-4740-BEC9-65A8D357CD6B}.Release|x64.ActiveCfg = Release|Any CPU
		{6A170A03-A00A-4740-BEC9-65A8D357CD6B}.Release|x64.Build.0 = Release|Any CPU
		{6A170A03-A00A-4740-BEC9-65A8D357CD6B}.Release|x86.ActiveCfg = Release|Any CPU
		{6A170A03-A00A-4740-BEC9-65A8D357CD6B}.Release|x86.Build.0 = Release|Any CPU
	EndGlobalSection
	GlobalSection(SolutionProperties) = preSolution
		HideSolutionNode = FALSE
	EndGlobalSection
	GlobalSection(NestedProjects) = preSolution
		{7E7F781F-A206-4074-9DAC-3BDE21ED8A0A} = {827E0CD3-B72D-47B6-A68D-7590B98EB39B}
		{47BB6BE8-163B-4B03-A082-D6A2FC46559E} = {827E0CD3-B72D-47B6-A68D-7590B98EB39B}
		{2651AC98-9EC9-44D2-BBA0-72CE62D0D8C7} = {827E0CD3-B72D-47B6-A68D-7590B98EB39B}
		{BF67964E-3796-4450-9E80-A4C988278729} = {827E0CD3-B72D-47B6-A68D-7590B98EB39B}
		{898603E0-E19A-458C-86FA-6C7CCF5975FF} = {0AB3BF05-4346-4AA6-1389-037BE0695223}
		{7299CE7D-AF48-47A7-85B6-F0EE0FF7F1B5} = {0AB3BF05-4346-4AA6-1389-037BE0695223}
		{6A170A03-A00A-4740-BEC9-65A8D357CD6B} = {0AB3BF05-4346-4AA6-1389-037BE0695223}
	EndGlobalSection
EndGlobal
